
Microsoft Visual Studio Solution File, Format Version 12.00
# Visual Studio 15
VisualStudioVersion = 15.0.27703.2042
MinimumVisualStudioVersion = 10.0.40219.1
Project("{FAE04EC0-301F-11D3-BF4B-00C04F79EFBC}") = "NullObject", "NullObject\NullObject.csproj", "{8E6BF892-85A3-4CDE-808E-3D2473C357C3}"
EndProject
Global
	GlobalSection(SolutionConfigurationPlatforms) = preSolution
		Debug|Any CPU = Debug|Any CPU
		Release|Any CPU = Release|Any CPU
	EndGlobalSection
	GlobalSection(ProjectConfigurationPlatforms) = postSolution
		{8E6BF892-85A3-4CDE-808E-3D2473C357C3}.Debug|Any CPU.ActiveCfg = Debug|Any CPU
		{8E6BF892-85A3-4CDE-808E-3D2473C357C3}.Debug|Any CPU.Build.0 = Debug|Any CPU
		{8E6BF892-85A3-4CDE-808E-3D2473C357C3}.Release|Any CPU.ActiveCfg = Release|Any CPU
		{8E6BF892-85A3-4CDE-808E-3D2473C357C3}.Release|Any CPU.Build.0 = Release|Any CPU
	EndGlobalSection
	GlobalSection(SolutionProperties) = preSolution
		HideSolutionNode = FALSE
	EndGlobalSection
	GlobalSection(ExtensibilityGlobals) = postSolution
		SolutionGuid = {CAD8827E-92B6-4840-B4D2-5E5A6F953B6D}
	EndGlobalSection
EndGlobal
